
Microsoft Visual Studio Solution File, Format Version 12.00
# Visual Studio Version 17
VisualStudioVersion = 17.8.34511.84
MinimumVisualStudioVersion = 10.0.40219.1
Project("{FAE04EC0-301F-11D3-BF4B-00C04F79EFBC}") = "EjercicioAbstraccion", "EjercicioAbstraccion\EjercicioAbstraccion.csproj", "{06A0D7F0-26D9-4AC4-ABEA-56EF65CD161B}"
EndProject
Global
	GlobalSection(SolutionConfigurationPlatforms) = preSolution
		Debug|Any CPU = Debug|Any CPU
		Release|Any CPU = Release|Any CPU
	EndGlobalSection
	GlobalSection(ProjectConfigurationPlatforms) = postSolution
		{06A0D7F0-26D9-4AC4-ABEA-56EF65CD161B}.Debug|Any CPU.ActiveCfg = Debug|Any CPU
		{06A0D7F0-26D9-4AC4-ABEA-56EF65CD161B}.Debug|Any CPU.Build.0 = Debug|Any CPU
		{06A0D7F0-26D9-4AC4-ABEA-56EF65CD161B}.Release|Any CPU.ActiveCfg = Release|Any CPU
		{06A0D7F0-26D9-4AC4-ABEA-56EF65CD161B}.Release|Any CPU.Build.0 = Release|Any CPU
	EndGlobalSection
	GlobalSection(SolutionProperties) = preSolution
		HideSolutionNode = FALSE
	EndGlobalSection
	GlobalSection(ExtensibilityGlobals) = postSolution
		SolutionGuid = {B2EAF98B-C413-41C9-8662-0958EE741A61}
	EndGlobalSection
EndGlobal
